
Microsoft Visual Studio Solution File, Format Version 12.00
# Visual Studio Version 17
VisualStudioVersion = 17.14.36109.1 d17.14
MinimumVisualStudioVersion = 10.0.40219.1
Project("{FAE04EC0-301F-11D3-BF4B-00C04F79EFBC}") = "ShoppingAPI", "ShoppingAPI.csproj", "{1BDEA274-4207-4C2D-BEA8-E4585A2FAED9}"
EndProject
Global
	GlobalSection(SolutionConfigurationPlatforms) = preSolution
		Debug|Any CPU = Debug|Any CPU
		Release|Any CPU = Release|Any CPU
	EndGlobalSection
	GlobalSection(ProjectConfigurationPlatforms) = postSolution
		{1BDEA274-4207-4C2D-BEA8-E4585A2FAED9}.Debug|Any CPU.ActiveCfg = Debug|Any CPU
		{1BDEA274-4207-4C2D-BEA8-E4585A2FAED9}.Debug|Any CPU.Build.0 = Debug|Any CPU
		{1BDEA274-4207-4C2D-BEA8-E4585A2FAED9}.Release|Any CPU.ActiveCfg = Release|Any CPU
		{1BDEA274-4207-4C2D-BEA8-E4585A2FAED9}.Release|Any CPU.Build.0 = Release|Any CPU
	EndGlobalSection
	GlobalSection(SolutionProperties) = preSolution
		HideSolutionNode = FALSE
	EndGlobalSection
	GlobalSection(ExtensibilityGlobals) = postSolution
		SolutionGuid = {97C5E9E3-B682-4765-8DD8-D76710B5EC5F}
	EndGlobalSection
EndGlobal
